// !$*UTF8*$!
{
	archiveVersion = 1;
	classes = {
	};
	objectVersion = 46;
	objects = {

/* Begin PBXBuildFile section */
		7DEF720B1C5F195900BB2E60 /* AppDelegate.swift in Sources */ = {isa = PBXBuildFile; fileRef = 7DEF720A1C5F195900BB2E60 /* AppDelegate.swift */; };
		7DEF720D1C5F195900BB2E60 /* ViewController.swift in Sources */ = {isa = PBXBuildFile; fileRef = 7DEF720C1C5F195900BB2E60 /* ViewController.swift */; };
		7DEF72101C5F195900BB2E60 /* Main.storyboard in Resources */ = {isa = PBXBuildFile; fileRef = 7DEF720E1C5F195900BB2E60 /* Main.storyboard */; };
		7DEF72121C5F195900BB2E60 /* Assets.xcassets in Resources */ = {isa = PBXBuildFile; fileRef = 7DEF72111C5F195900BB2E60 /* Assets.xcassets */; };
		7DEF72151C5F195900BB2E60 /* LaunchScreen.storyboard in Resources */ = {isa = PBXBuildFile; fileRef = 7DEF72131C5F195900BB2E60 /* LaunchScreen.storyboard */; };
/* End PBXBuildFile section */

/* Begin PBXFileReference section */
		7DEF72071C5F195800BB2E60 /* TutorialOne.app */ = {isa = PBXFileReference; explicitFileType = wrapper.application; includeInIndex = 0; path = TutorialOne.app; sourceTree = BUILT_PRODUCTS_DIR; };
		7DEF720A1C5F195900BB2E60 /* AppDelegate.swift */ = {isa = PBXFileReference; lastKnownFileType = sourcecode.swift; path = AppDelegate.swift; sourceTree = "<group>"; };
		7DEF720C1C5F195900BB2E60 /* ViewController.swift */ = {isa = PBXFileReference; lastKnownFileType = sourcecode.swift; path = ViewController.swift; sourceTree = "<group>"; };
		7DEF720F1C5F195900BB2E60 /* Base */ = {isa = PBXFileReference; lastKnownFileType = file.storyboard; name = Base; path = Base.lproj/Main.storyboard; sourceTree = "<group>"; };
		7DEF72111C5F195900BB2E60 /* Assets.xcassets */ = {isa = PBXFileReference; lastKnownFileType = folder.assetcatalog; path = Assets.xcassets; sourceTree = "<group>"; };
		7DEF72141C5F195900BB2E60 /* Base */ = {isa = PBXFileReference; lastKnownFileType = file.storyboard; name = Base; path = Base.lproj/LaunchScreen.storyboard; sourceTree = "<group>"; };
		7DEF72161C5F195900BB2E60 /* Info.plist */ = {isa = PBXFileReference; lastKnownFileType = text.plist.xml; path = Info.plist; sourceTree = "<group>"; };
/* End PBXFileReference section */

/* Begin PBXFrameworksBuildPhase section */
		7DEF72041C5F195800BB2E60 /* Frameworks */ = {
			isa = PBXFrameworksBuildPhase;
			buildActionMask = 2147483647;
			files = (
			);
			runOnlyForDeploymentPostprocessing = 0;
		};
/* End PBXFrameworksBuildPhase section */

/* Begin PBXGroup section */
		7DEF71FE1C5F195800BB2E60 = {
			isa = PBXGroup;
			children = (
				7DEF72091C5F195800BB2E60 /* TutorialOne */,
				7DEF72081C5F195800BB2E60 /* Products */,
			);
			sourceTree = "<group>";
		};
		7DEF72081C5F195800BB2E60 /* Products */ = {
			isa = PBXGroup;
			children = (
				7DEF72071C5F195800BB2E60 /* TutorialOne.app */,
			);
			name = Products;
			sourceTree = "<group>";
		};
		7DEF72091C5F195800BB2E60 /* TutorialOne */ = {
			isa = PBXGroup;
			children = (
				7DEF720A1C5F195900BB2E60 /* AppDelegate.swift */,
				7DEF720C1C5F195900BB2E60 /* ViewController.swift */,
				7DEF720E1C5F195900BB2E60 /* Main.storyboard */,
				7DEF72111C5F195900BB2E60 /* Assets.xcassets */,
				7DEF72131C5F195900BB2E60 /* LaunchScreen.storyboard */,
				7DEF72161C5F195900BB2E60 /* Info.plist */,
			);
			path = TutorialOne;
			sourceTree = "<group>";
		};
/* End PBXGroup section */

/* Begin PBXNativeTarget section */
		7DEF72061C5F195800BB2E60 /* TutorialOne */ = {
			isa = PBXNativeTarget;
			buildConfigurationList = 7DEF72191C5F195900BB2E60 /* Build configuration list for PBXNativeTarget "TutorialOne" */;
			buildPhases = (
				7DEF72031C5F195800BB2E60 /* Sources */,
				7DEF72041C5F195800BB2E60 /* Frameworks */,
				7DEF72051C5F195800BB2E60 /* Resources */,
			);
			buildRules = (
			);
			dependencies = (
			);
			name = TutorialOne;
			productName = TutorialOne;
			productReference = 7DEF72071C5F195800BB2E60 /* TutorialOne.app */;
			productType = "com.apple.product-type.application";
		};
/* End PBXNativeTarget section */

/* Begin PBXProject section */
		7DEF71FF1C5F195800BB2E60 /* Project object */ = {
			isa = PBXProject;
			attributes = {
				LastSwiftUpdateCheck = 0720;
				LastUpgradeCheck = 0720;
				ORGANIZATIONNAME = babyllama;
				TargetAttributes = {
					7DEF72061C5F195800BB2E60 = {
						CreatedOnToolsVersion = 7.2;
					};
				};
			};
			buildConfigurationList = 7DEF72021C5F195800BB2E60 /* Build configuration list for PBXProject "TutorialOne" */;
			compatibilityVersion = "Xcode 3.2";
			developmentRegion = English;
			hasScannedForEncodings = 0;
			knownRegions = (
				en,
				Base,
			);
			mainGroup = 7DEF71FE1C5F195800BB2E60;
			productRefGroup = 7DEF72081C5F195800BB2E60 /* Products */;
			projectDirPath = "";
			projectRoot = "";
			targets = (
				7DEF72061C5F195800BB2E60 /* TutorialOne */,
			);
		};
/* End PBXProject section */

/* Begin PBXResourcesBuildPhase section */
		7DEF72051C5F195800BB2E60 /* Resources */ = {
			isa = PBXResourcesBuildPhase;
			buildActionMask = 2147483647;
			files = (
				7DEF72151C5F195900BB2E60 /* LaunchScreen.storyboard in Resources */,
				7DEF72121C5F195900BB2E60 /* Assets.xcassets in Resources */,
				7DEF72101C5F195900BB2E60 /* Main.storyboard in Resources */,
			);
			runOnlyForDeploymentPostprocessing = 0;
		};
/* End PBXResourcesBuildPhase section */

/* Begin PBXSourcesBuildPhase section */
		7DEF72031C5F195800BB2E60 /* Sources */ = {
			isa = PBXSourcesBuildPhase;
			buildActionMask = 2147483647;
			files = (
				7DEF720D1C5F195900BB2E60 /* ViewController.swift in Sources */,
				7DEF720B1C5F195900BB2E60 /* AppDelegate.swift in Sources */,
			);
			runOnlyForDeploymentPostprocessing = 0;
		};
/* End PBXSourcesBuildPhase section */

/* Begin PBXVariantGroup section */
		7DEF720E1C5F195900BB2E60 /* Main.storyboard */ = {
			isa = PBXVariantGroup;
			children = (
				7DEF720F1C5F195900BB2E60 /* Base */,
			);
			name = Main.storyboard;
			sourceTree = "<group>";
		};
		7DEF72131C5F195900BB2E60 /* LaunchScreen.storyboard */ = {
			isa = PBXVariantGroup;
			children = (
				7DEF72141C5F195900BB2E60 /* Base */,
			);
			name = LaunchScreen.storyboard;
			sourceTree = "<group>";
		};
/* End PBXVariantGroup section */

/* Begin XCBuildConfiguration section */
		7DEF72171C5F195900BB2E60 /* Debug */ = {
			isa = XCBuildConfiguration;
			buildSettings = {
				ALWAYS_SEARCH_USER_PATHS = NO;
				CLANG_CXX_LANGUAGE_STANDARD = "gnu++0x";
				CLANG_CXX_LIBRARY = "libc++";
				CLANG_ENABLE_MODULES = YES;
				CLANG_ENABLE_OBJC_ARC = YES;
				CLANG_WARN_BOOL_CONVERSION = YES;
				CLANG_WARN_CONSTANT_CONVERSION = YES;
				CLANG_WARN_DIRECT_OBJC_ISA_USAGE = YES_ERROR;
				CLANG_WARN_EMPTY_BODY = YES;
				CLANG_WARN_ENUM_CONVERSION = YES;
				CLANG_WARN_INT_CONVERSION = YES;
				CLANG_WARN_OBJC_ROOT_CLASS = YES_ERROR;
				CLANG_WARN_UNREACHABLE_CODE = YES;
				CLANG_WARN__DUPLICATE_METHOD_MATCH = YES;
				"CODE_SIGN_IDENTITY[sdk=iphoneos*]" = "iPhone Developer";
				COPY_PHASE_STRIP = NO;
				DEBUG_INFORMATION_FORMAT = dwarf;
				ENABLE_STRICT_OBJC_MSGSEND = YES;
				ENABLE_TESTABILITY = YES;
				GCC_C_LANGUAGE_STANDARD = gnu99;
				GCC_DYNAMIC_NO_PIC = NO;
				GCC_NO_COMMON_BLOCKS = YES;
				GCC_OPTIMIZATION_LEVEL = 0;
				GCC_PREPROCESSOR_DEFINITIONS = (
					"DEBUG=1",
					"$(inherited)",
				);
				GCC_WARN_64_TO_32_BIT_CONVERSION = YES;
				GCC_WARN_ABOUT_RETURN_TYPE = YES_ERROR;
				GCC_WARN_UNDECLARED_SELECTOR = YES;
				GCC_WARN_UNINITIALIZED_AUTOS = YES_AGGRESSIVE;
				GCC_WARN_UNUSED_FUNCTION = YES;
				GCC_WARN_UNUSED_VARIABLE = YES;
				IPHONEOS_DEPLOYMENT_TARGET = 9.2;
				MTL_ENABLE_DEBUG_INFO = YES;
				ONLY_ACTIVE_ARCH = YES;
				SDKROOT = iphoneos;
				SWIFT_OPTIMIZATION_LEVEL = "-Onone";
			};
			name = Debug;
		};
		7DEF72181C5F195900BB2E60 /* Release */ = {
			isa = XCBuildConfiguration;
			buildSettings = {
				ALWAYS_SEARCH_USER_PATHS = NO;
				CLANG_CXX_LANGUAGE_STANDARD = "gnu++0x";
				CLANG_CXX_LIBRARY = "libc++";
				CLANG_ENABLE_MODULES = YES;
				CLANG_ENABLE_OBJC_ARC = YES;
				CLANG_WARN_BOOL_CONVERSION = YES;
				CLANG_WARN_CONSTANT_CONVERSION = YES;
				CLANG_WARN_DIRECT_OBJC_ISA_USAGE = YES_ERROR;
				CLANG_WARN_EMPTY_BODY = YES;
				CLANG_WARN_ENUM_CONVERSION = YES;
				CLANG_WARN_INT_CONVERSION = YES;
				CLANG_WARN_OBJC_ROOT_CLASS = YES_ERROR;
				CLANG_WARN_UNREACHABLE_CODE = YES;
				CLANG_WARN__DUPLICATE_METHOD_MATCH = YES;
				"CODE_SIGN_IDENTITY[sdk=iphoneos*]" = "iPhone Developer";
				COPY_PHASE_STRIP = NO;
				DEBUG_INFORMATION_FORMAT = "dwarf-with-dsym";
				ENABLE_NS_ASSERTIONS = NO;
				ENABLE_STRICT_OBJC_MSGSEND = YES;
				GCC_C_LANGUAGE_STANDARD = gnu99;
				GCC_NO_COMMON_BLOCKS = YES;
				GCC_WARN_64_TO_32_BIT_CONVERSION = YES;
				GCC_WARN_ABOUT_RETURN_TYPE = YES_ERROR;
				GCC_WARN_UNDECLARED_SELECTOR = YES;
				GCC_WARN_UNINITIALIZED_AUTOS = YES_AGGRESSIVE;
				GCC_WARN_UNUSED_FUNCTION = YES;
				GCC_WARN_UNUSED_VARIABLE = YES;
				IPHONEOS_DEPLOYMENT_TARGET = 9.2;
				MTL_ENABLE_DEBUG_INFO = NO;
				SDKROOT = iphoneos;
				VALIDATE_PRODUCT = YES;
			};
			name = Release;
		};
		7DEF721A1C5F195900BB2E60 /* Debug */ = {
			isa = XCBuildConfiguration;
			buildSettings = {
				ASSETCATALOG_COMPILER_APPICON_NAME = AppIcon;
				INFOPLIST_FILE = TutorialOne/Info.plist;
				LD_RUNPATH_SEARCH_PATHS = "$(inherited) @executable_path/Frameworks";
				PRODUCT_BUNDLE_IDENTIFIER = jessie.TutorialOne;
				PRODUCT_NAME = "$(TARGET_NAME)";
			};
			name = Debug;
		};
		7DEF721B1C5F195900BB2E60 /* Release */ = {
			isa = XCBuildConfiguration;
			buildSettings = {
				ASSETCATALOG_COMPILER_APPICON_NAME = AppIcon;
				INFOPLIST_FILE = TutorialOne/Info.plist;
				LD_RUNPATH_SEARCH_PATHS = "$(inherited) @executable_path/Frameworks";
				PRODUCT_BUNDLE_IDENTIFIER = jessie.TutorialOne;
				PRODUCT_NAME = "$(TARGET_NAME)";
			};
			name = Release;
		};
/* End XCBuildConfiguration section */

/* Begin XCConfigurationList section */
		7DEF72021C5F195800BB2E60 /* Build configuration list for PBXProject "TutorialOne" */ = {
			isa = XCConfigurationList;
			buildConfigurations = (
				7DEF72171C5F195900BB2E60 /* Debug */,
				7DEF72181C5F195900BB2E60 /* Release */,
			);
			defaultConfigurationIsVisible = 0;
			defaultConfigurationName = Release;
		};
		7DEF72191C5F195900BB2E60 /* Build configuration list for PBXNativeTarget "TutorialOne" */ = {
			isa = XCConfigurationList;
			buildConfigurations = (
				7DEF721A1C5F195900BB2E60 /* Debug */,
				7DEF721B1C5F195900BB2E60 /* Release */,
			);
			defaultConfigurationIsVisible = 0;
		};
/* End XCConfigurationList section */
	};
	rootObject = 7DEF71FF1C5F195800BB2E60 /* Project object */;
}
